
Microsoft Visual Studio Solution File, Format Version 12.00
# Visual Studio Version 17
VisualStudioVersion = 17.2.32630.192
MinimumVisualStudioVersion = 10.0.40219.1
Project("{FAE04EC0-301F-11D3-BF4B-00C04F79EFBC}") = "FavouritePlaces.UWP", "FavouritePlaces\FavouritePlaces.UWP\FavouritePlaces.UWP.csproj", "{9D0659A9-BB07-4EF0-84E7-62180156D513}"
EndProject
Project("{FAE04EC0-301F-11D3-BF4B-00C04F79EFBC}") = "FavouritePlaces.Android", "FavouritePlaces\FavouritePlaces.Android\FavouritePlaces.Android.csproj", "{C5DAC1BB-FFC3-457F-88C3-32E8660423E3}"
EndProject
Project("{FAE04EC0-301F-11D3-BF4B-00C04F79EFBC}") = "FavouritePlaces.iOS", "FavouritePlaces\FavouritePlaces.iOS\FavouritePlaces.iOS.csproj", "{8CE6F737-7DF3-4A9C-A929-19952BFC2EAB}"
EndProject
Project("{FAE04EC0-301F-11D3-BF4B-00C04F79EFBC}") = "FavouritePlaces", "FavouritePlaces\FavouritePlaces\FavouritePlaces.csproj", "{F6760497-2338-406B-BC61-BA7C0EAC3F52}"
EndProject
Global
	GlobalSection(SolutionConfigurationPlatforms) = preSolution
		Debug|Any CPU = Debug|Any CPU
		Debug|ARM = Debug|ARM
		Debug|iPhone = Debug|iPhone
		Debug|iPhoneSimulator = Debug|iPhoneSimulator
		Debug|x64 = Debug|x64
		Debug|x86 = Debug|x86
		Release|Any CPU = Release|Any CPU
		Release|ARM = Release|ARM
		Release|iPhone = Release|iPhone
		Release|iPhoneSimulator = Release|iPhoneSimulator
		Release|x64 = Release|x64
		Release|x86 = Release|x86
	EndGlobalSection
	GlobalSection(ProjectConfigurationPlatforms) = postSolution
		{9D0659A9-BB07-4EF0-84E7-62180156D513}.Debug|Any CPU.ActiveCfg = Debug|x64
		{9D0659A9-BB07-4EF0-84E7-62180156D513}.Debug|Any CPU.Build.0 = Debug|x64
		{9D0659A9-BB07-4EF0-84E7-62180156D513}.Debug|Any CPU.Deploy.0 = Debug|x64
		{9D0659A9-BB07-4EF0-84E7-62180156D513}.Debug|ARM.ActiveCfg = Debug|ARM
		{9D0659A9-BB07-4EF0-84E7-62180156D513}.Debug|ARM.Build.0 = Debug|ARM
		{9D0659A9-BB07-4EF0-84E7-62180156D513}.Debug|ARM.Deploy.0 = Debug|ARM
		{9D0659A9-BB07-4EF0-84E7-62180156D513}.Debug|iPhone.ActiveCfg = Debug|x64
		{9D0659A9-BB07-4EF0-84E7-62180156D513}.Debug|iPhone.Build.0 = Debug|x64
		{9D0659A9-BB07-4EF0-84E7-62180156D513}.Debug|iPhone.Deploy.0 = Debug|x64
		{9D0659A9-BB07-4EF0-84E7-62180156D513}.Debug|iPhoneSimulator.ActiveCfg = Debug|x64
		{9D0659A9-BB07-4EF0-84E7-62180156D513}.Debug|iPhoneSimulator.Build.0 = Debug|x64
		{9D0659A9-BB07-4EF0-84E7-62180156D513}.Debug|iPhoneSimulator.Deploy.0 = Debug|x64
		{9D0659A9-BB07-4EF0-84E7-62180156D513}.Debug|x64.ActiveCfg = Debug|x64
		{9D0659A9-BB07-4EF0-84E7-62180156D513}.Debug|x64.Build.0 = Debug|x64
		{9D0659A9-BB07-4EF0-84E7-62180156D513}.Debug|x64.Deploy.0 = Debug|x64
		{9D0659A9-BB07-4EF0-84E7-62180156D513}.Debug|x86.ActiveCfg = Debug|x86
		{9D0659A9-BB07-4EF0-84E7-62180156D513}.Debug|x86.Build.0 = Debug|x86
		{9D0659A9-BB07-4EF0-84E7-62180156D513}.Debug|x86.Deploy.0 = Debug|x86
		{9D0659A9-BB07-4EF0-84E7-62180156D513}.Release|Any CPU.ActiveCfg = Release|x64
		{9D0659A9-BB07-4EF0-84E7-62180156D513}.Release|Any CPU.Build.0 = Release|x64
		{9D0659A9-BB07-4EF0-84E7-62180156D513}.Release|Any CPU.Deploy.0 = Release|x64
		{9D0659A9-BB07-4EF0-84E7-62180156D513}.Release|ARM.ActiveCfg = Release|ARM
		{9D0659A9-BB07-4EF0-84E7-62180156D513}.Release|ARM.Build.0 = Release|ARM
		{9D0659A9-BB07-4EF0-84E7-62180156D513}.Release|ARM.Deploy.0 = Release|ARM
		{9D0659A9-BB07-4EF0-84E7-62180156D513}.Release|iPhone.ActiveCfg = Release|x64
		{9D0659A9-BB07-4EF0-84E7-62180156D513}.Release|iPhone.Build.0 = Release|x64
		{9D0659A9-BB07-4EF0-84E7-62180156D513}.Release|iPhone.Deploy.0 = Release|x64
		{9D0659A9-BB07-4EF0-84E7-62180156D513}.Release|iPhoneSimulator.ActiveCfg = Release|x64
		{9D0659A9-BB07-4EF0-84E7-62180156D513}.Release|iPhoneSimulator.Build.0 = Release|x64
		{9D0659A9-BB07-4EF0-84E7-62180156D513}.Release|iPhoneSimulator.Deploy.0 = Release|x64
		{9D0659A9-BB07-4EF0-84E7-62180156D513}.Release|x64.ActiveCfg = Release|x64
		{9D0659A9-BB07-4EF0-84E7-62180156D513}.Release|x64.Build.0 = Release|x64
		{9D0659A9-BB07-4EF0-84E7-62180156D513}.Release|x64.Deploy.0 = Release|x64
		{9D0659A9-BB07-4EF0-84E7-62180156D513}.Release|x86.ActiveCfg = Release|x86
		{9D0659A9-BB07-4EF0-84E7-62180156D513}.Release|x86.Build.0 = Release|x86
		{9D0659A9-BB07-4EF0-84E7-62180156D513}.Release|x86.Deploy.0 = Release|x86
		{C5DAC1BB-FFC3-457F-88C3-32E8660423E3}.Debug|Any CPU.ActiveCfg = Debug|Any CPU
		{C5DAC1BB-FFC3-457F-88C3-32E8660423E3}.Debug|Any CPU.Build.0 = Debug|Any CPU
		{C5DAC1BB-FFC3-457F-88C3-32E8660423E3}.Debug|Any CPU.Deploy.0 = Debug|Any CPU
		{C5DAC1BB-FFC3-457F-88C3-32E8660423E3}.Debug|ARM.ActiveCfg = Debug|Any CPU
		{C5DAC1BB-FFC3-457F-88C3-32E8660423E3}.Debug|ARM.Build.0 = Debug|Any CPU
		{C5DAC1BB-FFC3-457F-88C3-32E8660423E3}.Debug|ARM.Deploy.0 = Debug|Any CPU
		{C5DAC1BB-FFC3-457F-88C3-32E8660423E3}.Debug|iPhone.ActiveCfg = Debug|Any CPU
		{C5DAC1BB-FFC3-457F-88C3-32E8660423E3}.Debug|iPhone.Build.0 = Debug|Any CPU
		{C5DAC1BB-FFC3-457F-88C3-32E8660423E3}.Debug|iPhone.Deploy.0 = Debug|Any CPU
		{C5DAC1BB-FFC3-457F-88C3-32E8660423E3}.Debug|iPhoneSimulator.ActiveCfg = Debug|Any CPU
		{C5DAC1BB-FFC3-457F-88C3-32E8660423E3}.Debug|iPhoneSimulator.Build.0 = Debug|Any CPU
		{C5DAC1BB-FFC3-457F-88C3-32E8660423E3}.Debug|iPhoneSimulator.Deploy.0 = Debug|Any CPU
		{C5DAC1BB-FFC3-457F-88C3-32E8660423E3}.Debug|x64.ActiveCfg = Debug|Any CPU
		{C5DAC1BB-FFC3-457F-88C3-32E8660423E3}.Debug|x64.Build.0 = Debug|Any CPU
		{C5DAC1BB-FFC3-457F-88C3-32E8660423E3}.Debug|x64.Deploy.0 = Debug|Any CPU
		{C5DAC1BB-FFC3-457F-88C3-32E8660423E3}.Debug|x86.ActiveCfg = Debug|Any CPU
		{C5DAC1BB-FFC3-457F-88C3-32E8660423E3}.Debug|x86.Build.0 = Debug|Any CPU
		{C5DAC1BB-FFC3-457F-88C3-32E8660423E3}.Debug|x86.Deploy.0 = Debug|Any CPU
		{C5DAC1BB-FFC3-457F-88C3-32E8660423E3}.Release|Any CPU.ActiveCfg = Release|Any CPU
		{C5DAC1BB-FFC3-457F-88C3-32E8660423E3}.Release|Any CPU.Build.0 = Release|Any CPU
		{C5DAC1BB-FFC3-457F-88C3-32E8660423E3}.Release|Any CPU.Deploy.0 = Release|Any CPU
		{C5DAC1BB-FFC3-457F-88C3-32E8660423E3}.Release|ARM.ActiveCfg = Release|Any CPU
		{C5DAC1BB-FFC3-457F-88C3-32E8660423E3}.Release|ARM.Build.0 = Release|Any CPU
		{C5DAC1BB-FFC3-457F-88C3-32E8660423E3}.Release|ARM.Deploy.0 = Release|Any CPU
		{C5DAC1BB-FFC3-457F-88C3-32E8660423E3}.Release|iPhone.ActiveCfg = Release|Any CPU
		{C5DAC1BB-FFC3-457F-88C3-32E8660423E3}.Release|iPhone.Build.0 = Release|Any CPU
		{C5DAC1BB-FFC3-457F-88C3-32E8660423E3}.Release|iPhone.Deploy.0 = Release|Any CPU
		{C5DAC1BB-FFC3-457F-88C3-32E8660423E3}.Release|iPhoneSimulator.ActiveCfg = Release|Any CPU
		{C5DAC1BB-FFC3-457F-88C3-32E8660423E3}.Release|iPhoneSimulator.Build.0 = Release|Any CPU
		{C5DAC1BB-FFC3-457F-88C3-32E8660423E3}.Release|iPhoneSimulator.Deploy.0 = Release|Any CPU
		{C5DAC1BB-FFC3-457F-88C3-32E8660423E3}.Release|x64.ActiveCfg = Release|Any CPU
		{C5DAC1BB-FFC3-457F-88C3-32E8660423E3}.Release|x64.Build.0 = Release|Any CPU
		{C5DAC1BB-FFC3-457F-88C3-32E8660423E3}.Release|x64.Deploy.0 = Release|Any CPU
		{C5DAC1BB-FFC3-457F-88C3-32E8660423E3}.Release|x86.ActiveCfg = Release|Any CPU
		{C5DAC1BB-FFC3-457F-88C3-32E8660423E3}.Release|x86.Build.0 = Release|Any CPU
		{C5DAC1BB-FFC3-457F-88C3-32E8660423E3}.Release|x86.Deploy.0 = Release|Any CPU
		{8CE6F737-7DF3-4A9C-A929-19952BFC2EAB}.Debug|Any CPU.ActiveCfg = Debug|iPhoneSimulator
		{8CE6F737-7DF3-4A9C-A929-19952BFC2EAB}.Debug|Any CPU.Build.0 = Debug|iPhoneSimulator
		{8CE6F737-7DF3-4A9C-A929-19952BFC2EAB}.Debug|Any CPU.Deploy.0 = Debug|iPhoneSimulator
		{8CE6F737-7DF3-4A9C-A929-19952BFC2EAB}.Debug|ARM.ActiveCfg = Debug|iPhoneSimulator
		{8CE6F737-7DF3-4A9C-A929-19952BFC2EAB}.Debug|ARM.Build.0 = Debug|iPhoneSimulator
		{8CE6F737-7DF3-4A9C-A929-19952BFC2EAB}.Debug|ARM.Deploy.0 = Debug|iPhoneSimulator
		{8CE6F737-7DF3-4A9C-A929-19952BFC2EAB}.Debug|iPhone.ActiveCfg = Debug|iPhone
		{8CE6F737-7DF3-4A9C-A929-19952BFC2EAB}.Debug|iPhone.Build.0 = Debug|iPhone
		{8CE6F737-7DF3-4A9C-A929-19952BFC2EAB}.Debug|iPhone.Deploy.0 = Debug|iPhone
		{8CE6F737-7DF3-4A9C-A929-19952BFC2EAB}.Debug|iPhoneSimulator.ActiveCfg = Debug|iPhoneSimulator
		{8CE6F737-7DF3-4A9C-A929-19952BFC2EAB}.Debug|iPhoneSimulator.Build.0 = Debug|iPhoneSimulator
		{8CE6F737-7DF3-4A9C-A929-19952BFC2EAB}.Debug|iPhoneSimulator.Deploy.0 = Debug|iPhoneSimulator
		{8CE6F737-7DF3-4A9C-A929-19952BFC2EAB}.Debug|x64.ActiveCfg = Debug|iPhone
		{8CE6F737-7DF3-4A9C-A929-19952BFC2EAB}.Debug|x64.Build.0 = Debug|iPhone
		{8CE6F737-7DF3-4A9C-A929-19952BFC2EAB}.Debug|x64.Deploy.0 = Debug|iPhone
		{8CE6F737-7DF3-4A9C-A929-19952BFC2EAB}.Debug|x86.ActiveCfg = Debug|iPhoneSimulator
		{8CE6F737-7DF3-4A9C-A929-19952BFC2EAB}.Debug|x86.Build.0 = Debug|iPhoneSimulator
		{8CE6F737-7DF3-4A9C-A929-19952BFC2EAB}.Debug|x86.Deploy.0 = Debug|iPhoneSimulator
		{8CE6F737-7DF3-4A9C-A929-19952BFC2EAB}.Release|Any CPU.ActiveCfg = Release|iPhoneSimulator
		{8CE6F737-7DF3-4A9C-A929-19952BFC2EAB}.Release|Any CPU.Build.0 = Release|iPhoneSimulator
		{8CE6F737-7DF3-4A9C-A929-19952BFC2EAB}.Release|Any CPU.Deploy.0 = Release|iPhoneSimulator
		{8CE6F737-7DF3-4A9C-A929-19952BFC2EAB}.Release|ARM.ActiveCfg = Release|iPhoneSimulator
		{8CE6F737-7DF3-4A9C-A929-19952BFC2EAB}.Release|ARM.Build.0 = Release|iPhoneSimulator
		{8CE6F737-7DF3-4A9C-A929-19952BFC2EAB}.Release|ARM.Deploy.0 = Release|iPhoneSimulator
		{8CE6F737-7DF3-4A9C-A929-19952BFC2EAB}.Release|iPhone.ActiveCfg = Release|iPhone
		{8CE6F737-7DF3-4A9C-A929-19952BFC2EAB}.Release|iPhone.Build.0 = Release|iPhone
		{8CE6F737-7DF3-4A9C-A929-19952BFC2EAB}.Release|iPhone.Deploy.0 = Release|iPhone
		{8CE6F737-7DF3-4A9C-A929-19952BFC2EAB}.Release|iPhoneSimulator.ActiveCfg = Release|iPhoneSimulator
		{8CE6F737-7DF3-4A9C-A929-19952BFC2EAB}.Release|iPhoneSimulator.Build.0 = Release|iPhoneSimulator
		{8CE6F737-7DF3-4A9C-A929-19952BFC2EAB}.Release|iPhoneSimulator.Deploy.0 = Release|iPhoneSimulator
		{8CE6F737-7DF3-4A9C-A929-19952BFC2EAB}.Release|x64.ActiveCfg = Release|iPhoneSimulator
		{8CE6F737-7DF3-4A9C-A929-19952BFC2EAB}.Release|x64.Build.0 = Release|iPhoneSimulator
		{8CE6F737-7DF3-4A9C-A929-19952BFC2EAB}.Release|x64.Deploy.0 = Release|iPhoneSimulator
		{8CE6F737-7DF3-4A9C-A929-19952BFC2EAB}.Release|x86.ActiveCfg = Release|iPhoneSimulator
		{8CE6F737-7DF3-4A9C-A929-19952BFC2EAB}.Release|x86.Build.0 = Release|iPhoneSimulator
		{8CE6F737-7DF3-4A9C-A929-19952BFC2EAB}.Release|x86.Deploy.0 = Release|iPhoneSimulator
		{F6760497-2338-406B-BC61-BA7C0EAC3F52}.Debug|Any CPU.ActiveCfg = Debug|Any CPU
		{F6760497-2338-406B-BC61-BA7C0EAC3F52}.Debug|Any CPU.Build.0 = Debug|Any CPU
		{F6760497-2338-406B-BC61-BA7C0EAC3F52}.Debug|Any CPU.Deploy.0 = Debug|Any CPU
		{F6760497-2338-406B-BC61-BA7C0EAC3F52}.Debug|ARM.ActiveCfg = Debug|Any CPU
		{F6760497-2338-406B-BC61-BA7C0EAC3F52}.Debug|ARM.Build.0 = Debug|Any CPU
		{F6760497-2338-406B-BC61-BA7C0EAC3F52}.Debug|ARM.Deploy.0 = Debug|Any CPU
		{F6760497-2338-406B-BC61-BA7C0EAC3F52}.Debug|iPhone.ActiveCfg = Debug|Any CPU
		{F6760497-2338-406B-BC61-BA7C0EAC3F52}.Debug|iPhone.Build.0 = Debug|Any CPU
		{F6760497-2338-406B-BC61-BA7C0EAC3F52}.Debug|iPhone.Deploy.0 = Debug|Any CPU
		{F6760497-2338-406B-BC61-BA7C0EAC3F52}.Debug|iPhoneSimulator.ActiveCfg = Debug|Any CPU
		{F6760497-2338-406B-BC61-BA7C0EAC3F52}.Debug|iPhoneSimulator.Build.0 = Debug|Any CPU
		{F6760497-2338-406B-BC61-BA7C0EAC3F52}.Debug|iPhoneSimulator.Deploy.0 = Debug|Any CPU
		{F6760497-2338-406B-BC61-BA7C0EAC3F52}.Debug|x64.ActiveCfg = Debug|Any CPU
		{F6760497-2338-406B-BC61-BA7C0EAC3F52}.Debug|x64.Build.0 = Debug|Any CPU
		{F6760497-2338-406B-BC61-BA7C0EAC3F52}.Debug|x64.Deploy.0 = Debug|Any CPU
		{F6760497-2338-406B-BC61-BA7C0EAC3F52}.Debug|x86.ActiveCfg = Debug|Any CPU
		{F6760497-2338-406B-BC61-BA7C0EAC3F52}.Debug|x86.Build.0 = Debug|Any CPU
		{F6760497-2338-406B-BC61-BA7C0EAC3F52}.Debug|x86.Deploy.0 = Debug|Any CPU
		{F6760497-2338-406B-BC61-BA7C0EAC3F52}.Release|Any CPU.ActiveCfg = Release|Any CPU
		{F6760497-2338-406B-BC61-BA7C0EAC3F52}.Release|Any CPU.Build.0 = Release|Any CPU
		{F6760497-2338-406B-BC61-BA7C0EAC3F52}.Release|Any CPU.Deploy.0 = Release|Any CPU
		{F6760497-2338-406B-BC61-BA7C0EAC3F52}.Release|ARM.ActiveCfg = Release|Any CPU
		{F6760497-2338-406B-BC61-BA7C0EAC3F52}.Release|ARM.Build.0 = Release|Any CPU
		{F6760497-2338-406B-BC61-BA7C0EAC3F52}.Release|ARM.Deploy.0 = Release|Any CPU
		{F6760497-2338-406B-BC61-BA7C0EAC3F52}.Release|iPhone.ActiveCfg = Release|Any CPU
		{F6760497-2338-406B-BC61-BA7C0EAC3F52}.Release|iPhone.Build.0 = Release|Any CPU
		{F6760497-2338-406B-BC61-BA7C0EAC3F52}.Release|iPhone.Deploy.0 = Release|Any CPU
		{F6760497-2338-406B-BC61-BA7C0EAC3F52}.Release|iPhoneSimulator.ActiveCfg = Release|Any CPU
		{F6760497-2338-406B-BC61-BA7C0EAC3F52}.Release|iPhoneSimulator.Build.0 = Release|Any CPU
		{F6760497-2338-406B-BC61-BA7C0EAC3F52}.Release|iPhoneSimulator.Deploy.0 = Release|Any CPU
		{F6760497-2338-406B-BC61-BA7C0EAC3F52}.Release|x64.ActiveCfg = Release|Any CPU
		{F6760497-2338-406B-BC61-BA7C0EAC3F52}.Release|x64.Build.0 = Release|Any CPU
		{F6760497-2338-406B-BC61-BA7C0EAC3F52}.Release|x64.Deploy.0 = Release|Any CPU
		{F6760497-2338-406B-BC61-BA7C0EAC3F52}.Release|x86.ActiveCfg = Release|Any CPU
		{F6760497-2338-406B-BC61-BA7C0EAC3F52}.Release|x86.Build.0 = Release|Any CPU
		{F6760497-2338-406B-BC61-BA7C0EAC3F52}.Release|x86.Deploy.0 = Release|Any CPU
	EndGlobalSection
	GlobalSection(SolutionProperties) = preSolution
		HideSolutionNode = FALSE
	EndGlobalSection
	GlobalSection(ExtensibilityGlobals) = postSolution
		SolutionGuid = {83AB6B89-FDCE-4C2C-A146-0643CB276C5D}
	EndGlobalSection
EndGlobal
